
Microsoft Visual Studio Solution File, Format Version 12.00
# Visual Studio Version 17
VisualStudioVersion = 17.0.32002.185
MinimumVisualStudioVersion = 10.0.40219.1
Project("{9A19103F-16F7-4668-BE54-9A1E7A4F7556}") = "FastMoq", "FastMoq\FastMoq.csproj", "{55060CD0-54B8-497E-BE24-0D4A2DED59FC}"
EndProject
Project("{9A19103F-16F7-4668-BE54-9A1E7A4F7556}") = "FastMoq.Abstractions", "FastMoq.Abstractions\FastMoq.Abstractions.csproj", "{970828D1-0EF2-4D0D-BF1B-BB85DEB38514}"
EndProject
Project("{9A19103F-16F7-4668-BE54-9A1E7A4F7556}") = "FastMoq.Generators", "FastMoq.Generators\FastMoq.Generators.csproj", "{5FE82C4B-17E0-4C41-9A79-4F13FCB6D2D1}"
EndProject
Project("{9A19103F-16F7-4668-BE54-9A1E7A4F7556}") = "FastMoq.Azure", "FastMoq.Azure\FastMoq.Azure.csproj", "{CADD0874-D3E6-40B3-A8D5-EB04047597EC}"
EndProject
Project("{9A19103F-16F7-4668-BE54-9A1E7A4F7556}") = "FastMoq.Core", "FastMoq.Core\FastMoq.Core.csproj", "{2E2FC5C0-5B64-48BA-92F6-DF0DD46298E0}"
EndProject
Project("{9A19103F-16F7-4668-BE54-9A1E7A4F7556}") = "FastMoq.Database", "FastMoq.Database\FastMoq.Database.csproj", "{D58D5C37-1488-43F7-B9A3-FCB22D836181}"
EndProject
Project("{9A19103F-16F7-4668-BE54-9A1E7A4F7556}") = "FastMoq.AzureFunctions", "FastMoq.AzureFunctions\FastMoq.AzureFunctions.csproj", "{C454C90C-608E-4E49-BEB2-F5AC65B08FA2}"
EndProject
Project("{9A19103F-16F7-4668-BE54-9A1E7A4F7556}") = "FastMoq.Provider.Moq", "FastMoq.Provider.Moq\FastMoq.Provider.Moq.csproj", "{67C1E7B7-6CFB-4717-A298-5463BEAF7A76}"
EndProject
Project("{9A19103F-16F7-4668-BE54-9A1E7A4F7556}") = "FastMoq.Provider.NSubstitute", "FastMoq.Provider.NSubstitute\FastMoq.Provider.NSubstitute.csproj", "{2D0DB9A4-C2C8-4A1C-8A0F-0D2B9810E907}"
EndProject
Project("{9A19103F-16F7-4668-BE54-9A1E7A4F7556}") = "FastMoq.Web", "FastMoq.Web\FastMoq.Web.csproj", "{05BDE42B-E317-4837-B435-BA18C6C4F112}"
EndProject
Project("{9A19103F-16F7-4668-BE54-9A1E7A4F7556}") = "FastMoq.Analyzers", "FastMoq.Analyzers\FastMoq.Analyzers.csproj", "{9C23B820-1B56-4FEE-9ED7-7D7F0F2327A4}"
EndProject
Global
	GlobalSection(SolutionConfigurationPlatforms) = preSolution
		Debug|Any CPU = Debug|Any CPU
		Release|Any CPU = Release|Any CPU
	EndGlobalSection
	GlobalSection(ProjectConfigurationPlatforms) = postSolution
		{55060CD0-54B8-497E-BE24-0D4A2DED59FC}.Debug|Any CPU.ActiveCfg = Release|Any CPU
		{55060CD0-54B8-497E-BE24-0D4A2DED59FC}.Debug|Any CPU.Build.0 = Release|Any CPU
		{55060CD0-54B8-497E-BE24-0D4A2DED59FC}.Release|Any CPU.ActiveCfg = Release|Any CPU
		{55060CD0-54B8-497E-BE24-0D4A2DED59FC}.Release|Any CPU.Build.0 = Release|Any CPU
		{970828D1-0EF2-4D0D-BF1B-BB85DEB38514}.Debug|Any CPU.ActiveCfg = Release|Any CPU
		{970828D1-0EF2-4D0D-BF1B-BB85DEB38514}.Debug|Any CPU.Build.0 = Release|Any CPU
		{970828D1-0EF2-4D0D-BF1B-BB85DEB38514}.Release|Any CPU.ActiveCfg = Release|Any CPU
		{970828D1-0EF2-4D0D-BF1B-BB85DEB38514}.Release|Any CPU.Build.0 = Release|Any CPU
		{5FE82C4B-17E0-4C41-9A79-4F13FCB6D2D1}.Debug|Any CPU.ActiveCfg = Release|Any CPU
		{5FE82C4B-17E0-4C41-9A79-4F13FCB6D2D1}.Debug|Any CPU.Build.0 = Release|Any CPU
		{5FE82C4B-17E0-4C41-9A79-4F13FCB6D2D1}.Release|Any CPU.ActiveCfg = Release|Any CPU
		{5FE82C4B-17E0-4C41-9A79-4F13FCB6D2D1}.Release|Any CPU.Build.0 = Release|Any CPU
		{CADD0874-D3E6-40B3-A8D5-EB04047597EC}.Debug|Any CPU.ActiveCfg = Release|Any CPU
		{CADD0874-D3E6-40B3-A8D5-EB04047597EC}.Debug|Any CPU.Build.0 = Release|Any CPU
		{CADD0874-D3E6-40B3-A8D5-EB04047597EC}.Release|Any CPU.ActiveCfg = Release|Any CPU
		{CADD0874-D3E6-40B3-A8D5-EB04047597EC}.Release|Any CPU.Build.0 = Release|Any CPU
		{2E2FC5C0-5B64-48BA-92F6-DF0DD46298E0}.Debug|Any CPU.ActiveCfg = Release|Any CPU
		{2E2FC5C0-5B64-48BA-92F6-DF0DD46298E0}.Debug|Any CPU.Build.0 = Release|Any CPU
		{2E2FC5C0-5B64-48BA-92F6-DF0DD46298E0}.Release|Any CPU.ActiveCfg = Release|Any CPU
		{2E2FC5C0-5B64-48BA-92F6-DF0DD46298E0}.Release|Any CPU.Build.0 = Release|Any CPU
		{D58D5C37-1488-43F7-B9A3-FCB22D836181}.Debug|Any CPU.ActiveCfg = Release|Any CPU
		{D58D5C37-1488-43F7-B9A3-FCB22D836181}.Debug|Any CPU.Build.0 = Release|Any CPU
		{D58D5C37-1488-43F7-B9A3-FCB22D836181}.Release|Any CPU.ActiveCfg = Release|Any CPU
		{D58D5C37-1488-43F7-B9A3-FCB22D836181}.Release|Any CPU.Build.0 = Release|Any CPU
		{C454C90C-608E-4E49-BEB2-F5AC65B08FA2}.Debug|Any CPU.ActiveCfg = Release|Any CPU
		{C454C90C-608E-4E49-BEB2-F5AC65B08FA2}.Debug|Any CPU.Build.0 = Release|Any CPU
		{C454C90C-608E-4E49-BEB2-F5AC65B08FA2}.Release|Any CPU.ActiveCfg = Release|Any CPU
		{C454C90C-608E-4E49-BEB2-F5AC65B08FA2}.Release|Any CPU.Build.0 = Release|Any CPU
		{67C1E7B7-6CFB-4717-A298-5463BEAF7A76}.Debug|Any CPU.ActiveCfg = Release|Any CPU
		{67C1E7B7-6CFB-4717-A298-5463BEAF7A76}.Debug|Any CPU.Build.0 = Release|Any CPU
		{67C1E7B7-6CFB-4717-A298-5463BEAF7A76}.Release|Any CPU.ActiveCfg = Release|Any CPU
		{67C1E7B7-6CFB-4717-A298-5463BEAF7A76}.Release|Any CPU.Build.0 = Release|Any CPU
		{2D0DB9A4-C2C8-4A1C-8A0F-0D2B9810E907}.Debug|Any CPU.ActiveCfg = Release|Any CPU
		{2D0DB9A4-C2C8-4A1C-8A0F-0D2B9810E907}.Debug|Any CPU.Build.0 = Release|Any CPU
		{2D0DB9A4-C2C8-4A1C-8A0F-0D2B9810E907}.Release|Any CPU.ActiveCfg = Release|Any CPU
		{2D0DB9A4-C2C8-4A1C-8A0F-0D2B9810E907}.Release|Any CPU.Build.0 = Release|Any CPU
		{05BDE42B-E317-4837-B435-BA18C6C4F112}.Debug|Any CPU.ActiveCfg = Release|Any CPU
		{05BDE42B-E317-4837-B435-BA18C6C4F112}.Debug|Any CPU.Build.0 = Release|Any CPU
		{05BDE42B-E317-4837-B435-BA18C6C4F112}.Release|Any CPU.ActiveCfg = Release|Any CPU
		{05BDE42B-E317-4837-B435-BA18C6C4F112}.Release|Any CPU.Build.0 = Release|Any CPU
		{9C23B820-1B56-4FEE-9ED7-7D7F0F2327A4}.Debug|Any CPU.ActiveCfg = Release|Any CPU
		{9C23B820-1B56-4FEE-9ED7-7D7F0F2327A4}.Debug|Any CPU.Build.0 = Release|Any CPU
		{9C23B820-1B56-4FEE-9ED7-7D7F0F2327A4}.Release|Any CPU.ActiveCfg = Release|Any CPU
		{9C23B820-1B56-4FEE-9ED7-7D7F0F2327A4}.Release|Any CPU.Build.0 = Release|Any CPU
	EndGlobalSection
	GlobalSection(SolutionProperties) = preSolution
		HideSolutionNode = FALSE
	EndGlobalSection
	GlobalSection(ExtensibilityGlobals) = postSolution
		SolutionGuid = {744A75AB-EE5F-4636-97BA-5AB1BC0A5C1D}
	EndGlobalSection
EndGlobal
