{
  "version": 1,
  "dependencies": {
    "net6.0": {
      "bunit": {
        "type": "Direct",
        "requested": "[1.35.3, )",
        "resolved": "1.35.3",
        "contentHash": "m14GBjUOnQ6ou6fAA03T+oJjqxFDku+Pr84cldugT9ZlKfSDg4h0+RQX9xrC0O6/lY12rE0tWe3DgQABWV1O9w==",
        "dependencies": {
          "bunit.core": "1.35.3",
          "bunit.web": "1.35.3"
        }
      },
      "NuGet.Build.Tasks.Pack": {
        "type": "Direct",
        "requested": "[6.13.2, )",
        "resolved": "6.13.2",
        "contentHash": "bsJ0lOiI4QTdYTg6rpadX4jXA85rG6Ns9RsZQ4NC41F5OEigMb8KKGRR98sXAzM5LA5BnphIZq9tJ3lFyTOl5A=="
      },
      "System.Configuration.ConfigurationManager": {
        "type": "Direct",
        "requested": "[8.0.1, )",
        "resolved": "8.0.1",
        "contentHash": "gPYFPDyohW2gXNhdQRSjtmeS6FymL2crg4Sral1wtvEJ7DUqFCDWDVbbLobASbzxfic8U1hQEdC7hmg9LHncMw==",
        "dependencies": {
          "System.Security.Cryptography.ProtectedData": "8.0.0"
        }
      },
      "AngleSharp": {
        "type": "Transitive",
        "resolved": "1.1.2",
        "contentHash": "aRFpAqixbuj1Vmqy2hsWPF0PJygo1SfjvmpBvVWZv6i+/u+C/L4wDdwFIzyCGUbjqr61NsZdPNPqDE8wlmG2qA==",
        "dependencies": {
          "System.Text.Encoding.CodePages": "6.0.0"
        }
      },
      "AngleSharp.Css": {
        "type": "Transitive",
        "resolved": "1.0.0-beta.144",
        "contentHash": "WfyZ1zi5o7fNPgTv0O74nmzyxt9w4tjypwpOCSoeoZDOHtgghc/JqyGHRbQh7Y9sZlJiivQhrQNtm4XAy9LHYA==",
        "dependencies": {
          "AngleSharp": "[1.0.0, 2.0.0)"
        }
      },
      "AngleSharp.Diffing": {
        "type": "Transitive",
        "resolved": "1.0.0",
        "contentHash": "6OeF2VvqyVaxMOP+wE0fjeaP+0ox2Og26tKDmY3Zf/qugRbd86OjmqoF6ZGyQonyP/zPjJ/TAB9VUR4HG3Dq5A==",
        "dependencies": {
          "AngleSharp": "1.1.2",
          "AngleSharp.Css": "1.0.0-beta.144"
        }
      },
      "bunit.core": {
        "type": "Transitive",
        "resolved": "1.35.3",
        "contentHash": "9P3tG/vIUoL+e2ZS05F4kBOGnDG2CuQoqoTH7snwFqOlz0cGu89GTA4yIgp+t84z0g+l2R0GeeGxUnljhF/gug==",
        "dependencies": {
          "Microsoft.AspNetCore.Components": "6.0.33",
          "Microsoft.Extensions.Logging": "6.0.0",
          "Microsoft.Extensions.Logging.Abstractions": "6.0.4"
        }
      },
      "bunit.web": {
        "type": "Transitive",
        "resolved": "1.35.3",
        "contentHash": "96jlPeVDzBs9OX1Jes3awA+r1xVC2bawDHGxLNtIFzb0wWpbirjCtJeQ2r3DPV1M1BuvhcC2U+8y1b0eFQ8AKQ==",
        "dependencies": {
          "AngleSharp": "1.1.2",
          "AngleSharp.Css": "1.0.0-beta.144",
          "AngleSharp.Diffing": "1.0.0",
          "Microsoft.AspNetCore.Components": "6.0.33",
          "Microsoft.AspNetCore.Components.Authorization": "6.0.33",
          "Microsoft.AspNetCore.Components.Web": "6.0.33",
          "Microsoft.AspNetCore.Components.WebAssembly": "6.0.33",
          "Microsoft.AspNetCore.Components.WebAssembly.Authentication": "6.0.33",
          "Microsoft.Extensions.Caching.Memory": "6.0.2",
          "Microsoft.Extensions.Localization.Abstractions": "6.0.33",
          "Microsoft.Extensions.Logging": "6.0.0",
          "Microsoft.Extensions.Logging.Abstractions": "6.0.4",
          "System.Text.Json": "8.0.5",
          "bunit.core": "1.35.3"
        }
      },
      "Castle.Core": {
        "type": "Transitive",
        "resolved": "5.1.1",
        "contentHash": "rpYtIczkzGpf+EkZgDr9CClTdemhsrwA/W5hMoPjLkRFnXzH44zDLoovXeKtmxb1ykXK9aJVODSpiJml8CTw2g==",
        "dependencies": {
          "System.Diagnostics.EventLog": "6.0.0"
        }
      },
      "Microsoft.AspNetCore.Authorization": {
        "type": "Transitive",
        "resolved": "6.0.33",
        "contentHash": "3/73x14WtMqCcBvE27b3EevlDXeMpcUeRwEqhqsWnR5dg8A2pMDPh42AM2blx5JA7gV1I2be5I199a0UzR6N7w==",
        "dependencies": {
          "Microsoft.AspNetCore.Metadata": "6.0.33",
          "Microsoft.Extensions.Logging.Abstractions": "6.0.4",
          "Microsoft.Extensions.Options": "6.0.0"
        }
      },
      "Microsoft.AspNetCore.Components": {
        "type": "Transitive",
        "resolved": "6.0.33",
        "contentHash": "Nxdcp9gUfn00BAMz5fV+phLMl8Md/guwCwlAooyAN0WPSbzHYOkcdU+flRCvLzr79XU8Kxy6vdJ7w6M+j+HHRw==",
        "dependencies": {
          "Microsoft.AspNetCore.Authorization": "6.0.33",
          "Microsoft.AspNetCore.Components.Analyzers": "6.0.33"
        }
      },
      "Microsoft.AspNetCore.Components.Analyzers": {
        "type": "Transitive",
        "resolved": "6.0.33",
        "contentHash": "mhstKorVy+KgweVw/hZyP5I5PiM/sII4Aa2fWNhAUu9ke0Kdmr4rJ5Lh3R1oUP2GpRacj081obexdMuI8/M6ZA=="
      },
      "Microsoft.AspNetCore.Components.Authorization": {
        "type": "Transitive",
        "resolved": "6.0.33",
        "contentHash": "wRKiXyNsYNEIJCB4hHFB4Yk5xaqhcUq8TtRQpfx/P9PhjMTZ5fopK0we9OkLcdKXUkYKZ36cx/GnonE7Ld4Xnw==",
        "dependencies": {
          "Microsoft.AspNetCore.Authorization": "6.0.33",
          "Microsoft.AspNetCore.Components": "6.0.33"
        }
      },
      "Microsoft.AspNetCore.Components.Forms": {
        "type": "Transitive",
        "resolved": "6.0.33",
        "contentHash": "e2iIKofX4rBP47/XQpggMi8t2WnnvkZLm9Mujn2bfp/MFtRRyEHAuW1tDmvngK4vGtsHDQEpoFMqHUCQI5L+rA==",
        "dependencies": {
          "Microsoft.AspNetCore.Components": "6.0.33"
        }
      },
      "Microsoft.AspNetCore.Components.Web": {
        "type": "Transitive",
        "resolved": "6.0.33",
        "contentHash": "vKk18Hyxt4lFR/A0WDv3SPKYWL4sPp3jxl/ZFL3JUSLQHdXiN2xEUQSyBDpOSfEJO3B1LHWb4ZA/Rd6SKf+R3g==",
        "dependencies": {
          "Microsoft.AspNetCore.Components": "6.0.33",
          "Microsoft.AspNetCore.Components.Forms": "6.0.33",
          "Microsoft.Extensions.DependencyInjection": "6.0.1",
          "Microsoft.JSInterop": "6.0.33",
          "System.IO.Pipelines": "6.0.3"
        }
      },
      "Microsoft.AspNetCore.Components.WebAssembly": {
        "type": "Transitive",
        "resolved": "6.0.33",
        "contentHash": "llLo36CZShfJTfNCc084AFYPxtQINfU1hpZP79Ls/lHjeSB7nAIss8cIHwsIikbwXEfZeWc8uF3mJG4Xxt59fw==",
        "dependencies": {
          "Microsoft.AspNetCore.Components.Web": "6.0.33",
          "Microsoft.Extensions.Configuration.Binder": "6.0.0",
          "Microsoft.Extensions.Configuration.Json": "6.0.0",
          "Microsoft.Extensions.Logging": "6.0.0",
          "Microsoft.JSInterop.WebAssembly": "6.0.33"
        }
      },
      "Microsoft.AspNetCore.Components.WebAssembly.Authentication": {
        "type": "Transitive",
        "resolved": "6.0.33",
        "contentHash": "sKC6nbrCMgif2/makDQeBs+1ju/0jWvEFEHr44laGtTzakXO9vhIW6WJf30n1+zUyvasMlMi65y5KnBrufCIHw==",
        "dependencies": {
          "Microsoft.AspNetCore.Components.Authorization": "6.0.33",
          "Microsoft.AspNetCore.Components.Web": "6.0.33"
        }
      },
      "Microsoft.AspNetCore.Metadata": {
        "type": "Transitive",
        "resolved": "6.0.33",
        "contentHash": "KTjopnVL5zwvWQF0hazAiPKIXFFKnvugDtjUz3qtSWk2Hv+ArHoxg7YWhPMgov/6SMaYjL5g6sjYf6TqipDmGw=="
      },
      "Microsoft.Data.Sqlite.Core": {
        "type": "Transitive",
        "resolved": "6.0.36",
        "contentHash": "Vh74dyfNQJBc58lcOuhSKH39AuQlgGatAY4bOCZx7F+8/GO3Ba2G9G1swCVhBQkeTG2Ftew8R6iga02ATZiE6w==",
        "dependencies": {
          "SQLitePCLRaw.core": "2.1.2"
        }
      },
      "Microsoft.EntityFrameworkCore": {
        "type": "Transitive",
        "resolved": "6.0.36",
        "contentHash": "0i1BBvJBrqdmIdTqCmL+/J74HucYqc5eck3J5trKe6AN2fvdE1lICto6HBwNhbtPniZO7bhW36FnIjTK0FamXg==",
        "dependencies": {
          "Microsoft.EntityFrameworkCore.Abstractions": "6.0.36",
          "Microsoft.EntityFrameworkCore.Analyzers": "6.0.36",
          "Microsoft.Extensions.Caching.Memory": "6.0.3",
          "Microsoft.Extensions.DependencyInjection": "6.0.2",
          "Microsoft.Extensions.Logging": "6.0.1",
          "System.Collections.Immutable": "6.0.1",
          "System.Diagnostics.DiagnosticSource": "6.0.2"
        }
      },
      "Microsoft.EntityFrameworkCore.Abstractions": {
        "type": "Transitive",
        "resolved": "6.0.36",
        "contentHash": "nrR4lfe9izQK1eerKW/ECHuJV8xXtuvoj/APrwwOjX4+Ne2SMXBpetctPcYNVc3KyiKuUHJSLywWtsqoXE5ElA=="
      },
      "Microsoft.EntityFrameworkCore.Analyzers": {
        "type": "Transitive",
        "resolved": "6.0.36",
        "contentHash": "Se0wloBaAJcLwgSW4hvGdAWjKnuIwgQ2PKTNkvG80PW/WFgedwKomY9wuO5BPewIHlX6huGyP//StQQRQOWr+Q=="
      },
      "Microsoft.EntityFrameworkCore.Relational": {
        "type": "Transitive",
        "resolved": "6.0.36",
        "contentHash": "Vq9UQEFNU1t42AOSgz6bUe0fpMa1g4wO8Y7EfhYPX6VSriRSRB4ImTC2TEZjOUeyGcZyUI2Kyd6//RfUPUR+Pw==",
        "dependencies": {
          "Microsoft.EntityFrameworkCore": "6.0.36",
          "Microsoft.Extensions.Configuration.Abstractions": "6.0.1"
        }
      },
      "Microsoft.EntityFrameworkCore.Sqlite": {
        "type": "Transitive",
        "resolved": "6.0.36",
        "contentHash": "NWlTJgKQRrZcdN+vph/PSZ1e3a9LDvBgiO/WQLfMWwWEv0XdixMRh6hWaKI+QpqdVCtwzZPQovEBzhJBdgIasA==",
        "dependencies": {
          "Microsoft.EntityFrameworkCore.Sqlite.Core": "6.0.36",
          "SQLitePCLRaw.bundle_e_sqlite3": "2.1.2"
        }
      },
      "Microsoft.EntityFrameworkCore.Sqlite.Core": {
        "type": "Transitive",
        "resolved": "6.0.36",
        "contentHash": "LQjAvbbFD673QABvnJXmGERqEg8NCEimSTPm17jaUVwG38V+rppXZqPnXoKhfV8XrOD7yneJ3+/1vA+cqtk7PQ==",
        "dependencies": {
          "Microsoft.Data.Sqlite.Core": "6.0.36",
          "Microsoft.EntityFrameworkCore.Relational": "6.0.36",
          "Microsoft.Extensions.DependencyModel": "6.0.2"
        }
      },
      "Microsoft.Extensions.Caching.Abstractions": {
        "type": "Transitive",
        "resolved": "6.0.1",
        "contentHash": "zEtKmOJ3sZ9YxRgvgLtoQsqO069Kqp0aC6Ai+DkyE5uahtu1ynvuoDVFQgyyhVcJWnxCzZHax/3AodvAx2mhjA==",
        "dependencies": {
          "Microsoft.Extensions.Primitives": "6.0.1"
        }
      },
      "Microsoft.Extensions.Caching.Memory": {
        "type": "Transitive",
        "resolved": "6.0.3",
        "contentHash": "GVNNcHoPDEUn4OQiBBGs5mE6nX7BA+LeQId9NeA+gB8xcbDUmFPAl8Er2ixNLbn4ffFr8t5jfMwdxgFG66k7BA==",
        "dependencies": {
          "Microsoft.Extensions.Caching.Abstractions": "6.0.1",
          "Microsoft.Extensions.DependencyInjection.Abstractions": "6.0.0",
          "Microsoft.Extensions.Logging.Abstractions": "6.0.4",
          "Microsoft.Extensions.Options": "6.0.1",
          "Microsoft.Extensions.Primitives": "6.0.1"
        }
      },
      "Microsoft.Extensions.Configuration": {
        "type": "Transitive",
        "resolved": "6.0.0",
        "contentHash": "tq2wXyh3fL17EMF2bXgRhU7JrbO3on93MRKYxzz4JzzvuGSA1l0W3GI9/tl8EO89TH+KWEymP7bcFway6z9fXg==",
        "dependencies": {
          "Microsoft.Extensions.Configuration.Abstractions": "6.0.0",
          "Microsoft.Extensions.Primitives": "6.0.0"
        }
      },
      "Microsoft.Extensions.Configuration.Abstractions": {
        "type": "Transitive",
        "resolved": "6.0.1",
        "contentHash": "+FhuIM7bE3CyzhhIju6K1pmcDAp4ez2PKwx8jnV4dEI/LXXBGdQbDijlaQWqMa1oC38DX390bSshQVaKXioiXA==",
        "dependencies": {
          "Microsoft.Extensions.Primitives": "6.0.1"
        }
      },
      "Microsoft.Extensions.Configuration.Binder": {
        "type": "Transitive",
        "resolved": "6.0.0",
        "contentHash": "b3ErKzND8LIC7o08QAVlKfaEIYEvLJbtmVbFZVBRXeu9YkKfSSzLZfR1SUfQPBIy9mKLhEtJgGYImkcMNaKE0A==",
        "dependencies": {
          "Microsoft.Extensions.Configuration.Abstractions": "6.0.0"
        }
      },
      "Microsoft.Extensions.Configuration.FileExtensions": {
        "type": "Transitive",
        "resolved": "6.0.0",
        "contentHash": "V4Dth2cYMZpw3HhGw9XUDIijpI6gN+22LDt0AhufIgOppCUfpWX4483OmN+dFXRJkJLc8Tv0Q8QK+1ingT2+KQ==",
        "dependencies": {
          "Microsoft.Extensions.Configuration": "6.0.0",
          "Microsoft.Extensions.Configuration.Abstractions": "6.0.0",
          "Microsoft.Extensions.FileProviders.Abstractions": "6.0.0",
          "Microsoft.Extensions.FileProviders.Physical": "6.0.0",
          "Microsoft.Extensions.Primitives": "6.0.0"
        }
      },
      "Microsoft.Extensions.Configuration.Json": {
        "type": "Transitive",
        "resolved": "6.0.0",
        "contentHash": "GJGery6QytCzS/BxJ96klgG9in3uH26KcUBbiVG/coNDXCRq6LGVVlUT4vXq34KPuM+R2av+LeYdX9h4IZOCUg==",
        "dependencies": {
          "Microsoft.Extensions.Configuration": "6.0.0",
          "Microsoft.Extensions.Configuration.Abstractions": "6.0.0",
          "Microsoft.Extensions.Configuration.FileExtensions": "6.0.0",
          "Microsoft.Extensions.FileProviders.Abstractions": "6.0.0",
          "System.Text.Json": "6.0.0"
        }
      },
      "Microsoft.Extensions.DependencyInjection": {
        "type": "Transitive",
        "resolved": "6.0.2",
        "contentHash": "gWUfUZ2ZDvwiVCxsOMComAhG43xstNWWVjV2takUZYRuDSJjO9Q5/b3tfOSkl5mcVwZAL3RZviRj5ZilxHghlw==",
        "dependencies": {
          "Microsoft.Extensions.DependencyInjection.Abstractions": "6.0.0"
        }
      },
      "Microsoft.Extensions.DependencyInjection.Abstractions": {
        "type": "Transitive",
        "resolved": "6.0.0",
        "contentHash": "xlzi2IYREJH3/m6+lUrQlujzX8wDitm4QGnUu6kUXTQAWPuZY8i+ticFJbzfqaetLA6KR/rO6Ew/HuYD+bxifg=="
      },
      "Microsoft.Extensions.DependencyModel": {
        "type": "Transitive",
        "resolved": "6.0.2",
        "contentHash": "HS5YsudCGSVoCVdsYJ5FAO9vx0z04qSAXgVzpDJSQ1/w/X9q8hrQVGU2p+Yfui+2KcXLL+Zjc0SX3yJWtBmYiw==",
        "dependencies": {
          "System.Buffers": "4.5.1",
          "System.Memory": "4.5.4",
          "System.Runtime.CompilerServices.Unsafe": "6.0.0",
          "System.Text.Encodings.Web": "6.0.1",
          "System.Text.Json": "6.0.11"
        }
      },
      "Microsoft.Extensions.FileProviders.Abstractions": {
        "type": "Transitive",
        "resolved": "6.0.0",
        "contentHash": "0pd4/fho0gC12rQswaGQxbU34jOS1TPS8lZPpkFCH68ppQjHNHYle9iRuHeev1LhrJ94YPvzcRd8UmIuFk23Qw==",
        "dependencies": {
          "Microsoft.Extensions.Primitives": "6.0.0"
        }
      },
      "Microsoft.Extensions.FileProviders.Physical": {
        "type": "Transitive",
        "resolved": "6.0.0",
        "contentHash": "QvkL7l0nM8udt3gfyu0Vw8bbCXblxaKOl7c2oBfgGy4LCURRaL9XWZX1FWJrQc43oMokVneVxH38iz+bY1sbhg==",
        "dependencies": {
          "Microsoft.Extensions.FileProviders.Abstractions": "6.0.0",
          "Microsoft.Extensions.FileSystemGlobbing": "6.0.0",
          "Microsoft.Extensions.Primitives": "6.0.0"
        }
      },
      "Microsoft.Extensions.FileSystemGlobbing": {
        "type": "Transitive",
        "resolved": "6.0.0",
        "contentHash": "ip8jnL1aPiaPeKINCqaTEbvBFDmVx9dXQEBZ2HOBRXPD1eabGNqP/bKlsIcp7U2lGxiXd5xIhoFcmY8nM4Hdiw=="
      },
      "Microsoft.Extensions.Localization.Abstractions": {
        "type": "Transitive",
        "resolved": "6.0.33",
        "contentHash": "Hbq0a3DswFjen1K6hDljNENpy6bDbA/s2qsQ5M9kqa6fB3JVKWggAdqwx2GJG4+SGkZKOWkOZxQ1QVqavWaF5g=="
      },
      "Microsoft.Extensions.Logging": {
        "type": "Transitive",
        "resolved": "6.0.1",
        "contentHash": "k6tbYaHrqY9kq7p5FfpPbddY1OImPCpXQ/PGcED6N9s5ULRp8n1PdmMzsIwIzCnhIS5bs06G/lO9LfNVpUj8jg==",
        "dependencies": {
          "Microsoft.Extensions.DependencyInjection": "6.0.2",
          "Microsoft.Extensions.DependencyInjection.Abstractions": "6.0.0",
          "Microsoft.Extensions.Logging.Abstractions": "6.0.4",
          "Microsoft.Extensions.Options": "6.0.1",
          "System.Diagnostics.DiagnosticSource": "6.0.2"
        }
      },
      "Microsoft.Extensions.Logging.Abstractions": {
        "type": "Transitive",
        "resolved": "6.0.4",
        "contentHash": "K14wYgwOfKVELrUh5eBqlC8Wvo9vvhS3ZhIvcswV2uS/ubkTRPSQsN557EZiYUSSoZNxizG+alN4wjtdyLdcyw=="
      },
      "Microsoft.Extensions.Options": {
        "type": "Transitive",
        "resolved": "6.0.1",
        "contentHash": "v5rh5jRcLBOKOaLVyYCm4TY/RoJlxWsW7N2TAPkmlHe55/0cB0Syp979x4He1+MIXsaTvJl1WOc7b1D1PSsO3A==",
        "dependencies": {
          "Microsoft.Extensions.DependencyInjection.Abstractions": "6.0.0",
          "Microsoft.Extensions.Primitives": "6.0.1"
        }
      },
      "Microsoft.Extensions.Primitives": {
        "type": "Transitive",
        "resolved": "6.0.1",
        "contentHash": "zyJfttJduuQbGEsd/TgerUEdgzHgUn/6oFgeaE04DKUMs7bbzckV7Ci1QZxf/VyQAlG41gR/GjecEScuYoHCUg=="
      },
      "Microsoft.JSInterop": {
        "type": "Transitive",
        "resolved": "6.0.33",
        "contentHash": "ZFr+bVjSvKUPrQOUBO3rMhU/IPGziexaGH9jW2nv2kIDgJwgOOGkL+59T/98vuWW8M+TFqeuTkVdTPdVC0L0MA=="
      },
      "Microsoft.JSInterop.WebAssembly": {
        "type": "Transitive",
        "resolved": "6.0.33",
        "contentHash": "lwkENolVndLuFUV+7/j+WwQntA0UYB01jObai/3uixgaT4uc7exarLqz2pxYs0AZ0zF1I+QNEb28HYVAFtsLRQ==",
        "dependencies": {
          "Microsoft.JSInterop": "6.0.33"
        }
      },
      "Moq": {
        "type": "Transitive",
        "resolved": "4.18.4",
        "contentHash": "IOo+W51+7Afnb0noltJrKxPBSfsgMzTKCw+Re5AMx8l/vBbAbMDOynLik4+lBYIWDJSO0uV7Zdqt7cNb6RZZ+A==",
        "dependencies": {
          "Castle.Core": "5.1.1"
        }
      },
      "SQLitePCLRaw.bundle_e_sqlite3": {
        "type": "Transitive",
        "resolved": "2.1.2",
        "contentHash": "ilkvNhrTersLmIVAcDwwPqfhUFCg19Z1GVMvCSi3xk6Akq94f4qadLORQCq/T8+9JgMiPs+F/NECw5uauviaNw==",
        "dependencies": {
          "SQLitePCLRaw.lib.e_sqlite3": "2.1.2",
          "SQLitePCLRaw.provider.e_sqlite3": "2.1.2"
        }
      },
      "SQLitePCLRaw.core": {
        "type": "Transitive",
        "resolved": "2.1.2",
        "contentHash": "A8EBepVqY2lnAp3a8jnhbgzF2tlj2S3HcJQGANTYg/TbYbKa8Z5cM1h74An/vy0svhfzT7tVY0sFmUglLgv+2g==",
        "dependencies": {
          "System.Memory": "4.5.3"
        }
      },
      "SQLitePCLRaw.lib.e_sqlite3": {
        "type": "Transitive",
        "resolved": "2.1.2",
        "contentHash": "zibGtku8M4Eea1R3ZCAxc86QbNvyEN17mAcQkvWKBuHvRpMiK2g5anG4R5Be7cWKSd1i6baYz8y4dMMAKcXKPg=="
      },
      "SQLitePCLRaw.provider.e_sqlite3": {
        "type": "Transitive",
        "resolved": "2.1.2",
        "contentHash": "lxCZarZdvAsMl2zw9bXHrXK6RxVhB4b23iTFhCOdHFhxfbsxLxWf+ocvswJwR/9Wh/E//ddMi+wJGqUKV7VwoA==",
        "dependencies": {
          "SQLitePCLRaw.core": "2.1.2"
        }
      },
      "System.Buffers": {
        "type": "Transitive",
        "resolved": "4.5.1",
        "contentHash": "Rw7ijyl1qqRS0YQD/WycNst8hUUMgrMH4FCn1nNm27M4VxchZ1js3fVjQaANHO5f3sN4isvP4a+Met9Y4YomAg=="
      },
      "System.Collections.Immutable": {
        "type": "Transitive",
        "resolved": "6.0.1",
        "contentHash": "Cc+SfP+jyCmA1TnRnDA7cRZy5jbLyWodfuUJKDJ+PJZBwWkv8szz+ztSCHAonqnL01DRaHaS2ptc4bYIEdgvWw=="
      },
      "System.Diagnostics.DiagnosticSource": {
        "type": "Transitive",
        "resolved": "6.0.2",
        "contentHash": "6tQaIexFycaotdGn23lf3XJ/eI1GOjQKIvQDRFN9N4pwoNsKnHuXccQ3lnQO6GX8KAb1ic+6ZofJmPdbUVwZag=="
      },
      "System.Diagnostics.EventLog": {
        "type": "Transitive",
        "resolved": "6.0.0",
        "contentHash": "lcyUiXTsETK2ALsZrX+nWuHSIQeazhqPphLfaRxzdGaG93+0kELqpgEHtwWOlQe7+jSFnKwaCAgL4kjeZCQJnw=="
      },
      "System.IO.Abstractions": {
        "type": "Transitive",
        "resolved": "17.2.3",
        "contentHash": "VcozGeE4SxIo0cnXrDHhbrh/Gb8KQnZ3BvMelvh+iw0PrIKtuuA46U2Xm4e4pgnaWFgT4RdZfTpWl/WPRdw0WQ=="
      },
      "System.IO.Abstractions.TestingHelpers": {
        "type": "Transitive",
        "resolved": "17.2.3",
        "contentHash": "tkXvQbsfOIfeoGso+WptCuouFLiWt3EU8s0D8poqIVz1BJOOszkPuFbFgP2HUTJ9bp5n1HH89eFHILo6Oz5XUw==",
        "dependencies": {
          "System.IO.Abstractions": "17.2.3"
        }
      },
      "System.IO.Pipelines": {
        "type": "Transitive",
        "resolved": "6.0.3",
        "contentHash": "ryTgF+iFkpGZY1vRQhfCzX0xTdlV3pyaTTqRu2ETbEv+HlV7O6y7hyQURnghNIXvctl5DuZ//Dpks6HdL/Txgw=="
      },
      "System.Memory": {
        "type": "Transitive",
        "resolved": "4.5.4",
        "contentHash": "1MbJTHS1lZ4bS4FmsJjnuGJOu88ZzTT2rLvrhW7Ygic+pC0NWA+3hgAen0HRdsocuQXCkUTdFn9yHJJhsijDXw=="
      },
      "System.Runtime.CompilerServices.Unsafe": {
        "type": "Transitive",
        "resolved": "6.0.0",
        "contentHash": "/iUeP3tq1S0XdNNoMz5C9twLSrM/TH+qElHkXWaPvuNOt+99G75NrV0OS2EqHx5wMN7popYjpc8oTjC1y16DLg=="
      },
      "System.Security.Cryptography.ProtectedData": {
        "type": "Transitive",
        "resolved": "8.0.0",
        "contentHash": "+TUFINV2q2ifyXauQXRwy4CiBhqvDEDZeVJU7qfxya4aRYOKzVBpN+4acx25VcPB9ywUN6C0n8drWl110PhZEg=="
      },
      "System.Text.Encoding.CodePages": {
        "type": "Transitive",
        "resolved": "6.0.0",
        "contentHash": "ZFCILZuOvtKPauZ/j/swhvw68ZRi9ATCfvGbk1QfydmcXBkIWecWKn/250UH7rahZ5OoDBaiAudJtPvLwzw85A==",
        "dependencies": {
          "System.Runtime.CompilerServices.Unsafe": "6.0.0"
        }
      },
      "System.Text.Encodings.Web": {
        "type": "Transitive",
        "resolved": "8.0.0",
        "contentHash": "yev/k9GHAEGx2Rg3/tU6MQh4HGBXJs70y7j1LaM1i/ER9po+6nnQ6RRqTJn1E7Xu0fbIFK80Nh5EoODxrbxwBQ==",
        "dependencies": {
          "System.Runtime.CompilerServices.Unsafe": "6.0.0"
        }
      },
      "System.Text.Json": {
        "type": "Transitive",
        "resolved": "8.0.5",
        "contentHash": "0f1B50Ss7rqxXiaBJyzUu9bWFOO2/zSlifZ/UNMdiIpDYe4cY4LQQicP4nirK1OS31I43rn062UIJ1Q9bpmHpg==",
        "dependencies": {
          "System.Runtime.CompilerServices.Unsafe": "6.0.0",
          "System.Text.Encodings.Web": "8.0.0"
        }
      },
      "xunit.abstractions": {
        "type": "Transitive",
        "resolved": "2.0.3",
        "contentHash": "pot1I4YOxlWjIb5jmwvvQNbTrZ3lJQ+jUGkGjWE3hEFM0l5gOnBWS+H3qsex68s5cO52g+44vpGzhAt+42vwKg=="
      },
      "fastmoq.core": {
        "type": "Project",
        "dependencies": {
          "Microsoft.EntityFrameworkCore.Sqlite": "[6.*, )",
          "Moq": "[4.18.4, 4.18.4]",
          "System.IO.Abstractions.TestingHelpers": "[17.2.3, 17.2.3]",
          "xunit.abstractions": "[2.0.3, )"
        }
      }
    },
    "net8.0": {
      "bunit": {
        "type": "Direct",
        "requested": "[1.38.5, )",
        "resolved": "1.38.5",
        "contentHash": "QzUM6j3vX1cxGB79SaWOWVhP+fr0vrU/UYjjZdeuEIi59DMwAY35fz+ZPwW+z1AEoBaiMCje3BrBsjuS44y8cQ==",
        "dependencies": {
          "bunit.core": "1.38.5",
          "bunit.web": "1.38.5"
        }
      },
      "NuGet.Build.Tasks.Pack": {
        "type": "Direct",
        "requested": "[6.13.2, )",
        "resolved": "6.13.2",
        "contentHash": "bsJ0lOiI4QTdYTg6rpadX4jXA85rG6Ns9RsZQ4NC41F5OEigMb8KKGRR98sXAzM5LA5BnphIZq9tJ3lFyTOl5A=="
      },
      "System.Configuration.ConfigurationManager": {
        "type": "Direct",
        "requested": "[9.0.2, )",
        "resolved": "9.0.2",
        "contentHash": "pX5GhR4/mfYUbebRdINO6P4B8stIbVWaAWGgWzYO1eC30nUVpCQdzQjKwCPhtLdzjR3d/q+MQ0sRG3B1GLSyqw==",
        "dependencies": {
          "System.Diagnostics.EventLog": "9.0.2",
          "System.Security.Cryptography.ProtectedData": "9.0.2"
        }
      },
      "AngleSharp": {
        "type": "Transitive",
        "resolved": "1.2.0",
        "contentHash": "uF/PzSCVcb+b2nqVvHZbOqexoJ9R6QLjonugPf0PQl+0h7YKaFZeXyspctbHe5HGlx7/Iuk5BErtk+t63ac/ZA=="
      },
      "AngleSharp.Css": {
        "type": "Transitive",
        "resolved": "1.0.0-beta.144",
        "contentHash": "WfyZ1zi5o7fNPgTv0O74nmzyxt9w4tjypwpOCSoeoZDOHtgghc/JqyGHRbQh7Y9sZlJiivQhrQNtm4XAy9LHYA==",
        "dependencies": {
          "AngleSharp": "[1.0.0, 2.0.0)"
        }
      },
      "AngleSharp.Diffing": {
        "type": "Transitive",
        "resolved": "1.0.0",
        "contentHash": "6OeF2VvqyVaxMOP+wE0fjeaP+0ox2Og26tKDmY3Zf/qugRbd86OjmqoF6ZGyQonyP/zPjJ/TAB9VUR4HG3Dq5A==",
        "dependencies": {
          "AngleSharp": "1.1.2",
          "AngleSharp.Css": "1.0.0-beta.144"
        }
      },
      "bunit.core": {
        "type": "Transitive",
        "resolved": "1.38.5",
        "contentHash": "1tTNaTk2PIibXW/FohOESnIX7qt9HIYqdhJfzHiTGZcX9DQyoEkgqsstHKq/S3clZJdRU5wHDZA3nfhP7uSkpw=="
      },
      "bunit.web": {
        "type": "Transitive",
        "resolved": "1.38.5",
        "contentHash": "uruHfxJrP5WTttKDv7V2+T9XaPgZExHLLIzqgl3n/Z45lfbFStfbmpIL+mNBwwItQKhpjHWDWjhlU0Vy9t6jvw==",
        "dependencies": {
          "AngleSharp": "1.2.0",
          "AngleSharp.Css": "1.0.0-beta.144",
          "AngleSharp.Diffing": "1.0.0",
          "Microsoft.AspNetCore.Components.WebAssembly": "8.0.11",
          "Microsoft.AspNetCore.Components.WebAssembly.Authentication": "8.0.11",
          "System.Text.Json": "9.0.0",
          "bunit.core": "1.38.5"
        }
      },
      "Castle.Core": {
        "type": "Transitive",
        "resolved": "5.1.1",
        "contentHash": "rpYtIczkzGpf+EkZgDr9CClTdemhsrwA/W5hMoPjLkRFnXzH44zDLoovXeKtmxb1ykXK9aJVODSpiJml8CTw2g=="
      },
      "Microsoft.AspNetCore.Components.WebAssembly": {
        "type": "Transitive",
        "resolved": "8.0.11",
        "contentHash": "rrvIBSuEmxSo9qn18QHarVE1azbTk6+HU8CgYCUiNmh+NcK7dz6FmkiX3TH+buE+X1I/735LacefMabr4spLRg==",
        "dependencies": {
          "Microsoft.JSInterop.WebAssembly": "8.0.11"
        }
      },
      "Microsoft.AspNetCore.Components.WebAssembly.Authentication": {
        "type": "Transitive",
        "resolved": "8.0.11",
        "contentHash": "O1RDRDhU2B0PWkkAFgpp1gD9ni/o+s6owCZDS57wv4b+HueggaPyDH6+uImpF553eEl3KOHRM3O68KIM5sU8PA=="
      },
      "Microsoft.Data.Sqlite.Core": {
        "type": "Transitive",
        "resolved": "8.0.20",
        "contentHash": "rsceqxvqaCKbASZahYa8chNdEtCghU2JErugi+Ngs/ds2QJrQixsSomGSFCR7219xQXMiz2pSrWshwm/DHqqNw==",
        "dependencies": {
          "SQLitePCLRaw.core": "2.1.6"
        }
      },
      "Microsoft.EntityFrameworkCore": {
        "type": "Transitive",
        "resolved": "8.0.20",
        "contentHash": "htQ4w2VmHGiDk8nbdpkeithh7/wBbByu0HvKx32uyCneK1WPPbc/fDhqXcIIj2NK4J6dRFTCE4Y1NrlUIl/uBw==",
        "dependencies": {
          "Microsoft.EntityFrameworkCore.Abstractions": "8.0.20",
          "Microsoft.EntityFrameworkCore.Analyzers": "8.0.20"
        }
      },
      "Microsoft.EntityFrameworkCore.Abstractions": {
        "type": "Transitive",
        "resolved": "8.0.20",
        "contentHash": "XPyMIlGNj1RJatIuNPs5sT7MVLOd5SURPQ4os1TH72Mi6rJDMQrT0WHWGpAZOcNapwW4gpmco6adGX3iNqv6mQ=="
      },
      "Microsoft.EntityFrameworkCore.Analyzers": {
        "type": "Transitive",
        "resolved": "8.0.20",
        "contentHash": "U8C8YToCXkaDczeohD7xJKhqKZ9cg0pRsL+cz6zhQr7Y0UQ7eRXhTBy5zIi9YSo82dzN1vawkn6iN9/4k0Zduw=="
      },
      "Microsoft.EntityFrameworkCore.Relational": {
        "type": "Transitive",
        "resolved": "8.0.20",
        "contentHash": "ailC6nZmDiSJm0LVFDmacibPccm1Pvaznk4Sk9Kl/XXzCglDu6dlilbmN4gO5I2Vr6Mm1GXu03UJ6XOGyXIgEA==",
        "dependencies": {
          "Microsoft.EntityFrameworkCore": "8.0.20"
        }
      },
      "Microsoft.EntityFrameworkCore.Sqlite": {
        "type": "Transitive",
        "resolved": "8.0.20",
        "contentHash": "mfN7QNt7vJAsPSfSTK+U9NDYaqKwl43MSKRZeSaNLAEEn5vCSyu3A58/wdTxE0K61IkiASZBtPmXRXFgZtzqbA==",
        "dependencies": {
          "Microsoft.EntityFrameworkCore.Sqlite.Core": "8.0.20",
          "SQLitePCLRaw.bundle_e_sqlite3": "2.1.6"
        }
      },
      "Microsoft.EntityFrameworkCore.Sqlite.Core": {
        "type": "Transitive",
        "resolved": "8.0.20",
        "contentHash": "8M2SSavQ5q4c1Lk/wUGB9WRvfUdYuRHNa2dYUmQUxAL2rKSBdJSX6DBWTVaNW11MNxr0yqSNSHuscEkRajBS3g==",
        "dependencies": {
          "Microsoft.Data.Sqlite.Core": "8.0.20",
          "Microsoft.EntityFrameworkCore.Relational": "8.0.20",
          "Microsoft.Extensions.DependencyModel": "8.0.2"
        }
      },
      "Microsoft.Extensions.DependencyModel": {
        "type": "Transitive",
        "resolved": "8.0.2",
        "contentHash": "mUBDZZRgZrSyFOsJ2qJJ9fXfqd/kXJwf3AiDoqLD9m6TjY5OO/vLNOb9fb4juC0487eq4hcGN/M2Rh/CKS7QYw=="
      },
      "Microsoft.JSInterop.WebAssembly": {
        "type": "Transitive",
        "resolved": "8.0.11",
        "contentHash": "eB6YYFdA2DnmR8W1WO9of4hBSaRTsmxke7FVbHjzjhYu/1XgMZ9FZq6sY5OjE7rnkGN3XYHXXWB4T49Y8DAthA=="
      },
      "Moq": {
        "type": "Transitive",
        "resolved": "4.18.4",
        "contentHash": "IOo+W51+7Afnb0noltJrKxPBSfsgMzTKCw+Re5AMx8l/vBbAbMDOynLik4+lBYIWDJSO0uV7Zdqt7cNb6RZZ+A==",
        "dependencies": {
          "Castle.Core": "5.1.1"
        }
      },
      "SQLitePCLRaw.bundle_e_sqlite3": {
        "type": "Transitive",
        "resolved": "2.1.6",
        "contentHash": "BmAf6XWt4TqtowmiWe4/5rRot6GerAeklmOPfviOvwLoF5WwgxcJHAxZtySuyW9r9w+HLILnm8VfJFLCUJYW8A==",
        "dependencies": {
          "SQLitePCLRaw.lib.e_sqlite3": "2.1.6",
          "SQLitePCLRaw.provider.e_sqlite3": "2.1.6"
        }
      },
      "SQLitePCLRaw.core": {
        "type": "Transitive",
        "resolved": "2.1.6",
        "contentHash": "wO6v9GeMx9CUngAet8hbO7xdm+M42p1XeJq47ogyRoYSvNSp0NGLI+MgC0bhrMk9C17MTVFlLiN6ylyExLCc5w=="
      },
      "SQLitePCLRaw.lib.e_sqlite3": {
        "type": "Transitive",
        "resolved": "2.1.6",
        "contentHash": "2ObJJLkIUIxRpOUlZNGuD4rICpBnrBR5anjyfUFQep4hMOIeqW+XGQYzrNmHSVz5xSWZ3klSbh7sFR6UyDj68Q=="
      },
      "SQLitePCLRaw.provider.e_sqlite3": {
        "type": "Transitive",
        "resolved": "2.1.6",
        "contentHash": "PQ2Oq3yepLY4P7ll145P3xtx2bX8xF4PzaKPRpw9jZlKvfe4LE/saAV82inND9usn1XRpmxXk7Lal3MTI+6CNg==",
        "dependencies": {
          "SQLitePCLRaw.core": "2.1.6"
        }
      },
      "System.Diagnostics.EventLog": {
        "type": "Transitive",
        "resolved": "9.0.2",
        "contentHash": "i+Fe6Fpst/onydFLBGilCr/Eh9OFdlaTU/c3alPp6IbLZXQJOgpIu3l4MOnmsN8fDYq5nAyHSqNIJesc74Yw3Q=="
      },
      "System.IO.Pipelines": {
        "type": "Transitive",
        "resolved": "9.0.0",
        "contentHash": "eA3cinogwaNB4jdjQHOP3Z3EuyiDII7MT35jgtnsA4vkn0LUrrSHsU0nzHTzFzmaFYeKV7MYyMxOocFzsBHpTw=="
      },
      "System.Security.Cryptography.ProtectedData": {
        "type": "Transitive",
        "resolved": "9.0.2",
        "contentHash": "+z9JWtU9di45tW/w6zpuJms4SnAAqKY2Usmmxs7MpOhxWoIeR2pKl1vEkaFbEx52ZfrMFcZXsFe+8WERMozzGg=="
      },
      "System.Text.Encodings.Web": {
        "type": "Transitive",
        "resolved": "9.0.0",
        "contentHash": "e2hMgAErLbKyUUwt18qSBf9T5Y+SFAL3ZedM8fLupkVj8Rj2PZ9oxQ37XX2LF8fTO1wNIxvKpihD7Of7D/NxZw=="
      },
      "System.Text.Json": {
        "type": "Transitive",
        "resolved": "9.0.0",
        "contentHash": "js7+qAu/9mQvnhA4EfGMZNEzXtJCDxgkgj8ohuxq/Qxv+R56G+ljefhiJHOxTNiw54q8vmABCWUwkMulNdlZ4A==",
        "dependencies": {
          "System.IO.Pipelines": "9.0.0",
          "System.Text.Encodings.Web": "9.0.0"
        }
      },
      "TestableIO.System.IO.Abstractions": {
        "type": "Transitive",
        "resolved": "21.3.1",
        "contentHash": "B9USlBOZAiqXss7AI4BH6HVWs+HoHx38OadJjBO0VCzEWgP/u0u52bogmrzDHsyqRv8Yo/xtIMQXgpjLoaAUXw=="
      },
      "TestableIO.System.IO.Abstractions.TestingHelpers": {
        "type": "Transitive",
        "resolved": "21.3.1",
        "contentHash": "XP7tiKVtnOP+jXWsRqgc7WCV2tsoolVnxSNUJXwdWmHCpLMsVlZXRag7dMynnNEQQB9XEJx25RteqN5APCnjag==",
        "dependencies": {
          "TestableIO.System.IO.Abstractions": "21.3.1",
          "TestableIO.System.IO.Abstractions.Wrappers": "21.3.1"
        }
      },
      "TestableIO.System.IO.Abstractions.Wrappers": {
        "type": "Transitive",
        "resolved": "21.3.1",
        "contentHash": "l/xu8G96pntsofFG8vh6BKbVbYWtqYZTpNCcj4jGNwxwSbwY2gvDmkiFmIbWf7lgzPZbopW2FAfaY6m4K/3QJw==",
        "dependencies": {
          "TestableIO.System.IO.Abstractions": "21.3.1"
        }
      },
      "xunit.abstractions": {
        "type": "Transitive",
        "resolved": "2.0.3",
        "contentHash": "pot1I4YOxlWjIb5jmwvvQNbTrZ3lJQ+jUGkGjWE3hEFM0l5gOnBWS+H3qsex68s5cO52g+44vpGzhAt+42vwKg=="
      },
      "fastmoq.core": {
        "type": "Project",
        "dependencies": {
          "Microsoft.EntityFrameworkCore.Sqlite": "[8.*, )",
          "Moq": "[4.18.4, 4.18.4]",
          "TestableIO.System.IO.Abstractions.TestingHelpers": "[21.3.1, 21.3.1]",
          "xunit.abstractions": "[2.0.3, )"
        }
      }
    },
    "net9.0": {
      "bunit": {
        "type": "Direct",
        "requested": "[1.38.5, )",
        "resolved": "1.38.5",
        "contentHash": "QzUM6j3vX1cxGB79SaWOWVhP+fr0vrU/UYjjZdeuEIi59DMwAY35fz+ZPwW+z1AEoBaiMCje3BrBsjuS44y8cQ==",
        "dependencies": {
          "bunit.core": "1.38.5",
          "bunit.web": "1.38.5"
        }
      },
      "NuGet.Build.Tasks.Pack": {
        "type": "Direct",
        "requested": "[6.13.2, )",
        "resolved": "6.13.2",
        "contentHash": "bsJ0lOiI4QTdYTg6rpadX4jXA85rG6Ns9RsZQ4NC41F5OEigMb8KKGRR98sXAzM5LA5BnphIZq9tJ3lFyTOl5A=="
      },
      "System.Configuration.ConfigurationManager": {
        "type": "Direct",
        "requested": "[9.0.2, )",
        "resolved": "9.0.2",
        "contentHash": "pX5GhR4/mfYUbebRdINO6P4B8stIbVWaAWGgWzYO1eC30nUVpCQdzQjKwCPhtLdzjR3d/q+MQ0sRG3B1GLSyqw==",
        "dependencies": {
          "System.Security.Cryptography.ProtectedData": "9.0.2"
        }
      },
      "AngleSharp": {
        "type": "Transitive",
        "resolved": "1.2.0",
        "contentHash": "uF/PzSCVcb+b2nqVvHZbOqexoJ9R6QLjonugPf0PQl+0h7YKaFZeXyspctbHe5HGlx7/Iuk5BErtk+t63ac/ZA=="
      },
      "AngleSharp.Css": {
        "type": "Transitive",
        "resolved": "1.0.0-beta.144",
        "contentHash": "WfyZ1zi5o7fNPgTv0O74nmzyxt9w4tjypwpOCSoeoZDOHtgghc/JqyGHRbQh7Y9sZlJiivQhrQNtm4XAy9LHYA==",
        "dependencies": {
          "AngleSharp": "[1.0.0, 2.0.0)"
        }
      },
      "AngleSharp.Diffing": {
        "type": "Transitive",
        "resolved": "1.0.0",
        "contentHash": "6OeF2VvqyVaxMOP+wE0fjeaP+0ox2Og26tKDmY3Zf/qugRbd86OjmqoF6ZGyQonyP/zPjJ/TAB9VUR4HG3Dq5A==",
        "dependencies": {
          "AngleSharp": "1.1.2",
          "AngleSharp.Css": "1.0.0-beta.144"
        }
      },
      "bunit.core": {
        "type": "Transitive",
        "resolved": "1.38.5",
        "contentHash": "1tTNaTk2PIibXW/FohOESnIX7qt9HIYqdhJfzHiTGZcX9DQyoEkgqsstHKq/S3clZJdRU5wHDZA3nfhP7uSkpw=="
      },
      "bunit.web": {
        "type": "Transitive",
        "resolved": "1.38.5",
        "contentHash": "uruHfxJrP5WTttKDv7V2+T9XaPgZExHLLIzqgl3n/Z45lfbFStfbmpIL+mNBwwItQKhpjHWDWjhlU0Vy9t6jvw==",
        "dependencies": {
          "AngleSharp": "1.2.0",
          "AngleSharp.Css": "1.0.0-beta.144",
          "AngleSharp.Diffing": "1.0.0",
          "Microsoft.AspNetCore.Components.WebAssembly": "9.0.0",
          "Microsoft.AspNetCore.Components.WebAssembly.Authentication": "9.0.0",
          "bunit.core": "1.38.5"
        }
      },
      "Castle.Core": {
        "type": "Transitive",
        "resolved": "5.1.1",
        "contentHash": "rpYtIczkzGpf+EkZgDr9CClTdemhsrwA/W5hMoPjLkRFnXzH44zDLoovXeKtmxb1ykXK9aJVODSpiJml8CTw2g=="
      },
      "Microsoft.AspNetCore.Components.WebAssembly": {
        "type": "Transitive",
        "resolved": "9.0.0",
        "contentHash": "RwDygFGa1NdKh7N4S6P2xgxB0LeluLss/iZRdNnmOwN1zgpdLH9AnCnTIgDBAW7rhDjcPGrcjsDLNivwDRYwEQ==",
        "dependencies": {
          "Microsoft.JSInterop.WebAssembly": "9.0.0"
        }
      },
      "Microsoft.AspNetCore.Components.WebAssembly.Authentication": {
        "type": "Transitive",
        "resolved": "9.0.0",
        "contentHash": "dWGMHCh3/MchcPTvwz8FBd5O1FBE3Dxq6wWayi2xypgADJDTmpQnmMedN90sNVfekXQheAofYh0aPv6+Rt8Zlw=="
      },
      "Microsoft.Data.Sqlite.Core": {
        "type": "Transitive",
        "resolved": "9.0.9",
        "contentHash": "DjxZRueHp0qvZxhvW+H1IWYkSofZI8Chg710KYJjNP/6S4q3rt97pvR8AHOompkSwaN92VLKz5uw01iUt85cMg==",
        "dependencies": {
          "SQLitePCLRaw.core": "2.1.10"
        }
      },
      "Microsoft.EntityFrameworkCore": {
        "type": "Transitive",
        "resolved": "9.0.9",
        "contentHash": "zkt5yQgnpWKX3rOxn+ZcV23Aj0296XCTqg4lx1hKY+wMXBgkn377UhBrY/A4H6kLpNT7wqZN98xCV0YHXu9VRA==",
        "dependencies": {
          "Microsoft.EntityFrameworkCore.Abstractions": "9.0.9",
          "Microsoft.EntityFrameworkCore.Analyzers": "9.0.9"
        }
      },
      "Microsoft.EntityFrameworkCore.Abstractions": {
        "type": "Transitive",
        "resolved": "9.0.9",
        "contentHash": "QdM2k3Mnip2QsaxJbCI95dc2SajRMENdmaMhVKj4jPC5dmkoRcu3eEdvZAgDbd4bFVV1jtPGdHtXewtoBMlZqA=="
      },
      "Microsoft.EntityFrameworkCore.Analyzers": {
        "type": "Transitive",
        "resolved": "9.0.9",
        "contentHash": "uiKeU/qR0YpaDUa4+g0rAjKCuwfq8YWZGcpPptnFWIr1K7dXQTm/15D2HDwwU4ln3Uf66krYybymuY58ua4hhw=="
      },
      "Microsoft.EntityFrameworkCore.Relational": {
        "type": "Transitive",
        "resolved": "9.0.9",
        "contentHash": "SonFU9a8x4jZIhIBtCw1hIE3QKjd4c7Y3mjptoh682dfQe7K9pUPGcEV/sk4n8AJdq4fkyJPCaOdYaObhae/Iw==",
        "dependencies": {
          "Microsoft.EntityFrameworkCore": "9.0.9"
        }
      },
      "Microsoft.EntityFrameworkCore.Sqlite": {
        "type": "Transitive",
        "resolved": "9.0.9",
        "contentHash": "SiAd32IMTAQDo+jQt5GAzCq+5qI/OEdsrbW0qEDr0hUEAh3jnRlt0gbZgDGDUtWk5SWITufB6AOZi0qet9dJIw==",
        "dependencies": {
          "Microsoft.EntityFrameworkCore.Sqlite.Core": "9.0.9",
          "Microsoft.Extensions.DependencyModel": "9.0.9",
          "SQLitePCLRaw.bundle_e_sqlite3": "2.1.10",
          "SQLitePCLRaw.core": "2.1.10"
        }
      },
      "Microsoft.EntityFrameworkCore.Sqlite.Core": {
        "type": "Transitive",
        "resolved": "9.0.9",
        "contentHash": "eQVF8fBgDxjnjan3EB1ysdfDO7lKKfWKTT4VR0BInU4Mi6ADdgiOdm6qvZ/ufh04f3hhPL5lyknx5XotGzBh8A==",
        "dependencies": {
          "Microsoft.Data.Sqlite.Core": "9.0.9",
          "Microsoft.EntityFrameworkCore.Relational": "9.0.9",
          "Microsoft.Extensions.DependencyModel": "9.0.9",
          "SQLitePCLRaw.core": "2.1.10"
        }
      },
      "Microsoft.Extensions.DependencyModel": {
        "type": "Transitive",
        "resolved": "9.0.9",
        "contentHash": "fNGvKct2De8ghm0Bpfq0iWthtzIWabgOTi+gJhNOPhNJIowXNEUE2eZNW/zNCzrHVA3PXg2yZ+3cWZndC2IqYA=="
      },
      "Microsoft.JSInterop.WebAssembly": {
        "type": "Transitive",
        "resolved": "9.0.0",
        "contentHash": "5TjNuiavEVk+4UFTZVOKMlpq1qgYW/Vd6N7lNsHJR9kOlhP6S2GtiKdbLn//Aw/22lx3jDJTkekc54F5S8JC4g=="
      },
      "Moq": {
        "type": "Transitive",
        "resolved": "4.18.4",
        "contentHash": "IOo+W51+7Afnb0noltJrKxPBSfsgMzTKCw+Re5AMx8l/vBbAbMDOynLik4+lBYIWDJSO0uV7Zdqt7cNb6RZZ+A==",
        "dependencies": {
          "Castle.Core": "5.1.1"
        }
      },
      "SQLitePCLRaw.bundle_e_sqlite3": {
        "type": "Transitive",
        "resolved": "2.1.10",
        "contentHash": "UxWuisvZ3uVcVOLJQv7urM/JiQH+v3TmaJc1BLKl5Dxfm/nTzTUrqswCqg/INiYLi61AXnHo1M1JPmPqqLnAdg==",
        "dependencies": {
          "SQLitePCLRaw.lib.e_sqlite3": "2.1.10",
          "SQLitePCLRaw.provider.e_sqlite3": "2.1.10"
        }
      },
      "SQLitePCLRaw.core": {
        "type": "Transitive",
        "resolved": "2.1.10",
        "contentHash": "Ii8JCbC7oiVclaE/mbDEK000EFIJ+ShRPwAvvV89GOZhQ+ZLtlnSWl6ksCNMKu/VGXA4Nfi2B7LhN/QFN9oBcw=="
      },
      "SQLitePCLRaw.lib.e_sqlite3": {
        "type": "Transitive",
        "resolved": "2.1.10",
        "contentHash": "mAr69tDbnf3QJpRy2nJz8Qdpebdil00fvycyByR58Cn9eARvR+UiG2Vzsp+4q1tV3ikwiYIjlXCQFc12GfebbA=="
      },
      "SQLitePCLRaw.provider.e_sqlite3": {
        "type": "Transitive",
        "resolved": "2.1.10",
        "contentHash": "uZVTi02C1SxqzgT0HqTWatIbWGb40iIkfc3FpFCpE/r7g6K0PqzDUeefL6P6HPhDtc6BacN3yQysfzP7ks+wSQ==",
        "dependencies": {
          "SQLitePCLRaw.core": "2.1.10"
        }
      },
      "System.Security.Cryptography.ProtectedData": {
        "type": "Transitive",
        "resolved": "9.0.2",
        "contentHash": "+z9JWtU9di45tW/w6zpuJms4SnAAqKY2Usmmxs7MpOhxWoIeR2pKl1vEkaFbEx52ZfrMFcZXsFe+8WERMozzGg=="
      },
      "TestableIO.System.IO.Abstractions": {
        "type": "Transitive",
        "resolved": "21.3.1",
        "contentHash": "B9USlBOZAiqXss7AI4BH6HVWs+HoHx38OadJjBO0VCzEWgP/u0u52bogmrzDHsyqRv8Yo/xtIMQXgpjLoaAUXw=="
      },
      "TestableIO.System.IO.Abstractions.TestingHelpers": {
        "type": "Transitive",
        "resolved": "21.3.1",
        "contentHash": "XP7tiKVtnOP+jXWsRqgc7WCV2tsoolVnxSNUJXwdWmHCpLMsVlZXRag7dMynnNEQQB9XEJx25RteqN5APCnjag==",
        "dependencies": {
          "TestableIO.System.IO.Abstractions": "21.3.1",
          "TestableIO.System.IO.Abstractions.Wrappers": "21.3.1"
        }
      },
      "TestableIO.System.IO.Abstractions.Wrappers": {
        "type": "Transitive",
        "resolved": "21.3.1",
        "contentHash": "l/xu8G96pntsofFG8vh6BKbVbYWtqYZTpNCcj4jGNwxwSbwY2gvDmkiFmIbWf7lgzPZbopW2FAfaY6m4K/3QJw==",
        "dependencies": {
          "TestableIO.System.IO.Abstractions": "21.3.1"
        }
      },
      "xunit.abstractions": {
        "type": "Transitive",
        "resolved": "2.0.3",
        "contentHash": "pot1I4YOxlWjIb5jmwvvQNbTrZ3lJQ+jUGkGjWE3hEFM0l5gOnBWS+H3qsex68s5cO52g+44vpGzhAt+42vwKg=="
      },
      "fastmoq.core": {
        "type": "Project",
        "dependencies": {
          "Microsoft.EntityFrameworkCore.Sqlite": "[9.*, )",
          "Moq": "[4.18.4, 4.18.4]",
          "TestableIO.System.IO.Abstractions.TestingHelpers": "[21.3.1, 21.3.1]",
          "xunit.abstractions": "[2.0.3, )"
        }
      }
    }
  }
}